
Microsoft Visual Studio Solution File, Format Version 12.00
# Visual Studio 15
VisualStudioVersion = 15.0.26730.8
MinimumVisualStudioVersion = 10.0.40219.1
Project("{FAE04EC0-301F-11D3-BF4B-00C04F79EFBC}") = "01 - Conditionals", "01 - Conditional\01 - Conditionals.csproj", "{7E5E2C11-BA16-4893-84FD-B28B9F5353AD}"
EndProject
Project("{FAE04EC0-301F-11D3-BF4B-00C04F79EFBC}") = "02 - Loop", "02 - Loop\02 - Loop.csproj", "{4DE80904-239D-48F8-898F-C2C8DA073B99}"
EndProject
Project("{FAE04EC0-301F-11D3-BF4B-00C04F79EFBC}") = "03 - Arrays And Lists", "03 - Arrays And Lists\03 - Arrays And Lists.csproj", "{94F9C9C2-14A6-4440-B51C-4AC103A66911}"
EndProject
Project("{FAE04EC0-301F-11D3-BF4B-00C04F79EFBC}") = "04 - Working With Text", "04 - Working With Text\04 - Working With Text.csproj", "{3030017D-F33A-45FF-B3E8-A70B15221078}"
EndProject
Project("{FAE04EC0-301F-11D3-BF4B-00C04F79EFBC}") = "05 - Working with Files", "05 - Working with Files\05 - Working with Files.csproj", "{360629C9-169B-4D05-BC31-CBA6FB1073F0}"
EndProject
Project("{FAE04EC0-301F-11D3-BF4B-00C04F79EFBC}") = "06 - Stopwatch", "06 - Stopwatch\06 - Stopwatch.csproj", "{E22E87EF-CAB2-4829-A2C4-45CBC3E72771}"
EndProject
Global
	GlobalSection(SolutionConfigurationPlatforms) = preSolution
		Debug|Any CPU = Debug|Any CPU
		Release|Any CPU = Release|Any CPU
	EndGlobalSection
	GlobalSection(ProjectConfigurationPlatforms) = postSolution
		{7E5E2C11-BA16-4893-84FD-B28B9F5353AD}.Debug|Any CPU.ActiveCfg = Debug|Any CPU
		{7E5E2C11-BA16-4893-84FD-B28B9F5353AD}.Debug|Any CPU.Build.0 = Debug|Any CPU
		{7E5E2C11-BA16-4893-84FD-B28B9F5353AD}.Release|Any CPU.ActiveCfg = Release|Any CPU
		{7E5E2C11-BA16-4893-84FD-B28B9F5353AD}.Release|Any CPU.Build.0 = Release|Any CPU
		{4DE80904-239D-48F8-898F-C2C8DA073B99}.Debug|Any CPU.ActiveCfg = Debug|Any CPU
		{4DE80904-239D-48F8-898F-C2C8DA073B99}.Debug|Any CPU.Build.0 = Debug|Any CPU
		{4DE80904-239D-48F8-898F-C2C8DA073B99}.Release|Any CPU.ActiveCfg = Release|Any CPU
		{4DE80904-239D-48F8-898F-C2C8DA073B99}.Release|Any CPU.Build.0 = Release|Any CPU
		{94F9C9C2-14A6-4440-B51C-4AC103A66911}.Debug|Any CPU.ActiveCfg = Debug|Any CPU
		{94F9C9C2-14A6-4440-B51C-4AC103A66911}.Debug|Any CPU.Build.0 = Debug|Any CPU
		{94F9C9C2-14A6-4440-B51C-4AC103A66911}.Release|Any CPU.ActiveCfg = Release|Any CPU
		{94F9C9C2-14A6-4440-B51C-4AC103A66911}.Release|Any CPU.Build.0 = Release|Any CPU
		{3030017D-F33A-45FF-B3E8-A70B15221078}.Debug|Any CPU.ActiveCfg = Debug|Any CPU
		{3030017D-F33A-45FF-B3E8-A70B15221078}.Debug|Any CPU.Build.0 = Debug|Any CPU
		{3030017D-F33A-45FF-B3E8-A70B15221078}.Release|Any CPU.ActiveCfg = Release|Any CPU
		{3030017D-F33A-45FF-B3E8-A70B15221078}.Release|Any CPU.Build.0 = Release|Any CPU
		{360629C9-169B-4D05-BC31-CBA6FB1073F0}.Debug|Any CPU.ActiveCfg = Debug|Any CPU
		{360629C9-169B-4D05-BC31-CBA6FB1073F0}.Debug|Any CPU.Build.0 = Debug|Any CPU
		{360629C9-169B-4D05-BC31-CBA6FB1073F0}.Release|Any CPU.ActiveCfg = Release|Any CPU
		{360629C9-169B-4D05-BC31-CBA6FB1073F0}.Release|Any CPU.Build.0 = Release|Any CPU
		{E22E87EF-CAB2-4829-A2C4-45CBC3E72771}.Debug|Any CPU.ActiveCfg = Debug|Any CPU
		{E22E87EF-CAB2-4829-A2C4-45CBC3E72771}.Debug|Any CPU.Build.0 = Debug|Any CPU
		{E22E87EF-CAB2-4829-A2C4-45CBC3E72771}.Release|Any CPU.ActiveCfg = Release|Any CPU
		{E22E87EF-CAB2-4829-A2C4-45CBC3E72771}.Release|Any CPU.Build.0 = Release|Any CPU
	EndGlobalSection
	GlobalSection(SolutionProperties) = preSolution
		HideSolutionNode = FALSE
	EndGlobalSection
	GlobalSection(ExtensibilityGlobals) = postSolution
		SolutionGuid = {28A93014-B49A-4D7E-BE13-6E9BC6979DF6}
	EndGlobalSection
EndGlobal
